{
  "name": "firebug-planner",
  "version": "0.1.0",
  "lockfileVersion": 1,
  "requires": true,
  "dependencies": {
    "react-firebase-firestore": {
      "version": "0.0.3",
      "resolved": "https://registry.npmjs.org/react-firebase-firestore/-/react-firebase-firestore-0.0.3.tgz",
      "integrity": "sha512-22vdIv2dAxheb9ZC/LoZbdk0urascpvyX5flBocZd8Bf7BrmhruALAslNLwncZukCdOsVddHUOACClBv2iD6jQ=="
    }
  }
}
